
Microsoft Visual Studio Solution File, Format Version 12.00
# Visual Studio Version 17
VisualStudioVersion = 17.8.34330.188
MinimumVisualStudioVersion = 10.0.40219.1
Project("{8BC9CEB8-8B4A-11D0-8D11-00A0C91BC942}") = "TakeruHearts", "TakeruHearts\TakeruHearts.vcxproj", "{DD8BB9BA-237E-48D3-A011-FB8636DDE27B}"
EndProject
Global
	GlobalSection(SolutionConfigurationPlatforms) = preSolution
		Debug|x64 = Debug|x64
		Debug|x86 = Debug|x86
		Release|x64 = Release|x64
		Release|x86 = Release|x86
	EndGlobalSection
	GlobalSection(ProjectConfigurationPlatforms) = postSolution
		{DD8BB9BA-237E-48D3-A011-FB8636DDE27B}.Debug|x64.ActiveCfg = Debug|x64
		{DD8BB9BA-237E-48D3-A011-FB8636DDE27B}.Debug|x64.Build.0 = Debug|x64
		{DD8BB9BA-237E-48D3-A011-FB8636DDE27B}.Debug|x86.ActiveCfg = Debug|Win32
		{DD8BB9BA-237E-48D3-A011-FB8636DDE27B}.Debug|x86.Build.0 = Debug|Win32
		{DD8BB9BA-237E-48D3-A011-FB8636DDE27B}.Release|x64.ActiveCfg = Release|x64
		{DD8BB9BA-237E-48D3-A011-FB8636DDE27B}.Release|x64.Build.0 = Release|x64
		{DD8BB9BA-237E-48D3-A011-FB8636DDE27B}.Release|x86.ActiveCfg = Release|Win32
		{DD8BB9BA-237E-48D3-A011-FB8636DDE27B}.Release|x86.Build.0 = Release|Win32
	EndGlobalSection
	GlobalSection(SolutionProperties) = preSolution
		HideSolutionNode = FALSE
	EndGlobalSection
	GlobalSection(ExtensibilityGlobals) = postSolution
		SolutionGuid = {6702438C-8659-492E-88B1-CE50ED93795F}
	EndGlobalSection
EndGlobal
